{
  "requires": true,
  "lockfileVersion": 1,
  "dependencies": {
    "git-open": {
      "version": "2.1.0",
      "resolved": "https://registry.npmjs.org/git-open/-/git-open-2.1.0.tgz",
      "integrity": "sha512-2KhLG+PTvILNnUvS1DyOaH+JLypSSAAGnZm9Uvnar1MlaTqu35TJdlFazbAhlsBStB3mwp+qmkFZJzNhnUCW2w=="
    }
  }
}
